// !$*UTF8*$!
{
	archiveVersion = 1;
	classes = {
	};
	objectVersion = 46;
	objects = {

/* Begin PBXBuildFile section */
		464078E41EC5EAC6002DBA3B /* AppDelegate.swift in Sources */ = {isa = PBXBuildFile; fileRef = 464078E31EC5EAC6002DBA3B /* AppDelegate.swift */; };
		464078EB1EC5EAC6002DBA3B /* Assets.xcassets in Resources */ = {isa = PBXBuildFile; fileRef = 464078EA1EC5EAC6002DBA3B /* Assets.xcassets */; };
		464078EE1EC5EAC6002DBA3B /* LaunchScreen.storyboard in Resources */ = {isa = PBXBuildFile; fileRef = 464078EC1EC5EAC6002DBA3B /* LaunchScreen.storyboard */; };
		4640790A1EC5EB91002DBA3B /* JJOCExtension.swift in Sources */ = {isa = PBXBuildFile; fileRef = 464078F81EC5EB91002DBA3B /* JJOCExtension.swift */; };
		4640790B1EC5EB91002DBA3B /* JJSwiftExtension.swift in Sources */ = {isa = PBXBuildFile; fileRef = 464078FA1EC5EB91002DBA3B /* JJSwiftExtension.swift */; };
		4640790D1EC5EB91002DBA3B /* MainTableViewController.swift in Sources */ = {isa = PBXBuildFile; fileRef = 464078FE1EC5EB91002DBA3B /* MainTableViewController.swift */; };
		4640790E1EC5EB91002DBA3B /* OCModule.m in Sources */ = {isa = PBXBuildFile; fileRef = 464079021EC5EB91002DBA3B /* OCModule.m */; };
		4640790F1EC5EB91002DBA3B /* Target_OC.m in Sources */ = {isa = PBXBuildFile; fileRef = 464079051EC5EB91002DBA3B /* Target_OC.m */; };
		464079101EC5EB91002DBA3B /* SwiftModule.swift in Sources */ = {isa = PBXBuildFile; fileRef = 464079071EC5EB91002DBA3B /* SwiftModule.swift */; };
		464079111EC5EB91002DBA3B /* Target_Swift.swift in Sources */ = {isa = PBXBuildFile; fileRef = 464079091EC5EB91002DBA3B /* Target_Swift.swift */; };
		464079131EC5ED12002DBA3B /* JJMediator.swift in Sources */ = {isa = PBXBuildFile; fileRef = 464079121EC5ED12002DBA3B /* JJMediator.swift */; };
/* End PBXBuildFile section */

/* Begin PBXFileReference section */
		464078E01EC5EAC6002DBA3B /* SwiftExtension.app */ = {isa = PBXFileReference; explicitFileType = wrapper.application; includeInIndex = 0; path = SwiftExtension.app; sourceTree = BUILT_PRODUCTS_DIR; };
		464078E31EC5EAC6002DBA3B /* AppDelegate.swift */ = {isa = PBXFileReference; lastKnownFileType = sourcecode.swift; path = AppDelegate.swift; sourceTree = "<group>"; };
		464078EA1EC5EAC6002DBA3B /* Assets.xcassets */ = {isa = PBXFileReference; lastKnownFileType = folder.assetcatalog; path = Assets.xcassets; sourceTree = "<group>"; };
		464078ED1EC5EAC6002DBA3B /* Base */ = {isa = PBXFileReference; lastKnownFileType = file.storyboard; name = Base; path = Base.lproj/LaunchScreen.storyboard; sourceTree = "<group>"; };
		464078EF1EC5EAC6002DBA3B /* Info.plist */ = {isa = PBXFileReference; lastKnownFileType = text.plist.xml; path = Info.plist; sourceTree = "<group>"; };
		464078F81EC5EB91002DBA3B /* JJOCExtension.swift */ = {isa = PBXFileReference; fileEncoding = 4; lastKnownFileType = sourcecode.swift; path = JJOCExtension.swift; sourceTree = "<group>"; };
		464078FA1EC5EB91002DBA3B /* JJSwiftExtension.swift */ = {isa = PBXFileReference; fileEncoding = 4; lastKnownFileType = sourcecode.swift; path = JJSwiftExtension.swift; sourceTree = "<group>"; };
		464078FD1EC5EB91002DBA3B /* JJMediator-Bridging-Header.h */ = {isa = PBXFileReference; fileEncoding = 4; lastKnownFileType = sourcecode.c.h; path = "JJMediator-Bridging-Header.h"; sourceTree = "<group>"; };
		464078FE1EC5EB91002DBA3B /* MainTableViewController.swift */ = {isa = PBXFileReference; fileEncoding = 4; lastKnownFileType = sourcecode.swift; path = MainTableViewController.swift; sourceTree = "<group>"; };
		464079011EC5EB91002DBA3B /* OCModule.h */ = {isa = PBXFileReference; fileEncoding = 4; lastKnownFileType = sourcecode.c.h; path = OCModule.h; sourceTree = "<group>"; };
		464079021EC5EB91002DBA3B /* OCModule.m */ = {isa = PBXFileReference; fileEncoding = 4; lastKnownFileType = sourcecode.c.objc; path = OCModule.m; sourceTree = "<group>"; };
		464079041EC5EB91002DBA3B /* Target_OC.h */ = {isa = PBXFileReference; fileEncoding = 4; lastKnownFileType = sourcecode.c.h; path = Target_OC.h; sourceTree = "<group>"; };
		464079051EC5EB91002DBA3B /* Target_OC.m */ = {isa = PBXFileReference; fileEncoding = 4; lastKnownFileType = sourcecode.c.objc; path = Target_OC.m; sourceTree = "<group>"; };
		464079071EC5EB91002DBA3B /* SwiftModule.swift */ = {isa = PBXFileReference; fileEncoding = 4; lastKnownFileType = sourcecode.swift; path = SwiftModule.swift; sourceTree = "<group>"; };
		464079091EC5EB91002DBA3B /* Target_Swift.swift */ = {isa = PBXFileReference; fileEncoding = 4; lastKnownFileType = sourcecode.swift; path = Target_Swift.swift; sourceTree = "<group>"; };
		464079121EC5ED12002DBA3B /* JJMediator.swift */ = {isa = PBXFileReference; fileEncoding = 4; lastKnownFileType = sourcecode.swift; path = JJMediator.swift; sourceTree = "<group>"; };
/* End PBXFileReference section */

/* Begin PBXFrameworksBuildPhase section */
		464078DD1EC5EAC6002DBA3B /* Frameworks */ = {
			isa = PBXFrameworksBuildPhase;
			buildActionMask = 2147483647;
			files = (
			);
			runOnlyForDeploymentPostprocessing = 0;
		};
/* End PBXFrameworksBuildPhase section */

/* Begin PBXGroup section */
		464078D71EC5EAC6002DBA3B = {
			isa = PBXGroup;
			children = (
				464078E21EC5EAC6002DBA3B /* SwiftExtension */,
				464078E11EC5EAC6002DBA3B /* Products */,
			);
			sourceTree = "<group>";
		};
		464078E11EC5EAC6002DBA3B /* Products */ = {
			isa = PBXGroup;
			children = (
				464078E01EC5EAC6002DBA3B /* SwiftExtension.app */,
			);
			name = Products;
			sourceTree = "<group>";
		};
		464078E21EC5EAC6002DBA3B /* SwiftExtension */ = {
			isa = PBXGroup;
			children = (
				464078E31EC5EAC6002DBA3B /* AppDelegate.swift */,
				464078FE1EC5EB91002DBA3B /* MainTableViewController.swift */,
				464078F61EC5EB91002DBA3B /* Extension */,
				464078FB1EC5EB91002DBA3B /* JJMediator */,
				464078FF1EC5EB91002DBA3B /* Module */,
				464078F51EC5EB76002DBA3B /* Supporting Files */,
			);
			path = SwiftExtension;
			sourceTree = "<group>";
		};
		464078F51EC5EB76002DBA3B /* Supporting Files */ = {
			isa = PBXGroup;
			children = (
				464078FD1EC5EB91002DBA3B /* JJMediator-Bridging-Header.h */,
				464078EA1EC5EAC6002DBA3B /* Assets.xcassets */,
				464078EC1EC5EAC6002DBA3B /* LaunchScreen.storyboard */,
				464078EF1EC5EAC6002DBA3B /* Info.plist */,
			);
			name = "Supporting Files";
			sourceTree = "<group>";
		};
		464078F61EC5EB91002DBA3B /* Extension */ = {
			isa = PBXGroup;
			children = (
				464078F71EC5EB91002DBA3B /* OCExtension */,
				464078F91EC5EB91002DBA3B /* SwiftExtension */,
			);
			path = Extension;
			sourceTree = "<group>";
		};
		464078F71EC5EB91002DBA3B /* OCExtension */ = {
			isa = PBXGroup;
			children = (
				464078F81EC5EB91002DBA3B /* JJOCExtension.swift */,
			);
			path = OCExtension;
			sourceTree = "<group>";
		};
		464078F91EC5EB91002DBA3B /* SwiftExtension */ = {
			isa = PBXGroup;
			children = (
				464078FA1EC5EB91002DBA3B /* JJSwiftExtension.swift */,
			);
			path = SwiftExtension;
			sourceTree = "<group>";
		};
		464078FB1EC5EB91002DBA3B /* JJMediator */ = {
			isa = PBXGroup;
			children = (
				464079121EC5ED12002DBA3B /* JJMediator.swift */,
			);
			path = JJMediator;
			sourceTree = "<group>";
		};
		464078FF1EC5EB91002DBA3B /* Module */ = {
			isa = PBXGroup;
			children = (
				464079001EC5EB91002DBA3B /* OCModule */,
				464079061EC5EB91002DBA3B /* SwiftModule */,
			);
			path = Module;
			sourceTree = "<group>";
		};
		464079001EC5EB91002DBA3B /* OCModule */ = {
			isa = PBXGroup;
			children = (
				464079011EC5EB91002DBA3B /* OCModule.h */,
				464079021EC5EB91002DBA3B /* OCModule.m */,
				464079031EC5EB91002DBA3B /* Target_Action */,
			);
			path = OCModule;
			sourceTree = "<group>";
		};
		464079031EC5EB91002DBA3B /* Target_Action */ = {
			isa = PBXGroup;
			children = (
				464079041EC5EB91002DBA3B /* Target_OC.h */,
				464079051EC5EB91002DBA3B /* Target_OC.m */,
			);
			path = Target_Action;
			sourceTree = "<group>";
		};
		464079061EC5EB91002DBA3B /* SwiftModule */ = {
			isa = PBXGroup;
			children = (
				464079071EC5EB91002DBA3B /* SwiftModule.swift */,
				464079081EC5EB91002DBA3B /* Target_Action */,
			);
			path = SwiftModule;
			sourceTree = "<group>";
		};
		464079081EC5EB91002DBA3B /* Target_Action */ = {
			isa = PBXGroup;
			children = (
				464079091EC5EB91002DBA3B /* Target_Swift.swift */,
			);
			path = Target_Action;
			sourceTree = "<group>";
		};
/* End PBXGroup section */

/* Begin PBXNativeTarget section */
		464078DF1EC5EAC6002DBA3B /* SwiftExtension */ = {
			isa = PBXNativeTarget;
			buildConfigurationList = 464078F21EC5EAC6002DBA3B /* Build configuration list for PBXNativeTarget "SwiftExtension" */;
			buildPhases = (
				464078DC1EC5EAC6002DBA3B /* Sources */,
				464078DD1EC5EAC6002DBA3B /* Frameworks */,
				464078DE1EC5EAC6002DBA3B /* Resources */,
			);
			buildRules = (
			);
			dependencies = (
			);
			name = SwiftExtension;
			productName = SwiftExtension;
			productReference = 464078E01EC5EAC6002DBA3B /* SwiftExtension.app */;
			productType = "com.apple.product-type.application";
		};
/* End PBXNativeTarget section */

/* Begin PBXProject section */
		464078D81EC5EAC6002DBA3B /* Project object */ = {
			isa = PBXProject;
			attributes = {
				LastSwiftUpdateCheck = 0830;
				LastUpgradeCheck = 0830;
				ORGANIZATIONNAME = Mr.JJ;
				TargetAttributes = {
					464078DF1EC5EAC6002DBA3B = {
						CreatedOnToolsVersion = 8.3.2;
						ProvisioningStyle = Automatic;
					};
				};
			};
			buildConfigurationList = 464078DB1EC5EAC6002DBA3B /* Build configuration list for PBXProject "SwiftExtension" */;
			compatibilityVersion = "Xcode 3.2";
			developmentRegion = English;
			hasScannedForEncodings = 0;
			knownRegions = (
				en,
				Base,
			);
			mainGroup = 464078D71EC5EAC6002DBA3B;
			productRefGroup = 464078E11EC5EAC6002DBA3B /* Products */;
			projectDirPath = "";
			projectRoot = "";
			targets = (
				464078DF1EC5EAC6002DBA3B /* SwiftExtension */,
			);
		};
/* End PBXProject section */

/* Begin PBXResourcesBuildPhase section */
		464078DE1EC5EAC6002DBA3B /* Resources */ = {
			isa = PBXResourcesBuildPhase;
			buildActionMask = 2147483647;
			files = (
				464078EE1EC5EAC6002DBA3B /* LaunchScreen.storyboard in Resources */,
				464078EB1EC5EAC6002DBA3B /* Assets.xcassets in Resources */,
			);
			runOnlyForDeploymentPostprocessing = 0;
		};
/* End PBXResourcesBuildPhase section */

/* Begin PBXSourcesBuildPhase section */
		464078DC1EC5EAC6002DBA3B /* Sources */ = {
			isa = PBXSourcesBuildPhase;
			buildActionMask = 2147483647;
			files = (
				4640790B1EC5EB91002DBA3B /* JJSwiftExtension.swift in Sources */,
				4640790E1EC5EB91002DBA3B /* OCModule.m in Sources */,
				4640790F1EC5EB91002DBA3B /* Target_OC.m in Sources */,
				464078E41EC5EAC6002DBA3B /* AppDelegate.swift in Sources */,
				464079111EC5EB91002DBA3B /* Target_Swift.swift in Sources */,
				4640790D1EC5EB91002DBA3B /* MainTableViewController.swift in Sources */,
				4640790A1EC5EB91002DBA3B /* JJOCExtension.swift in Sources */,
				464079101EC5EB91002DBA3B /* SwiftModule.swift in Sources */,
				464079131EC5ED12002DBA3B /* JJMediator.swift in Sources */,
			);
			runOnlyForDeploymentPostprocessing = 0;
		};
/* End PBXSourcesBuildPhase section */

/* Begin PBXVariantGroup section */
		464078EC1EC5EAC6002DBA3B /* LaunchScreen.storyboard */ = {
			isa = PBXVariantGroup;
			children = (
				464078ED1EC5EAC6002DBA3B /* Base */,
			);
			name = LaunchScreen.storyboard;
			sourceTree = "<group>";
		};
/* End PBXVariantGroup section */

/* Begin XCBuildConfiguration section */
		464078F01EC5EAC6002DBA3B /* Debug */ = {
			isa = XCBuildConfiguration;
			buildSettings = {
				ALWAYS_SEARCH_USER_PATHS = NO;
				CLANG_ANALYZER_NONNULL = YES;
				CLANG_ANALYZER_NUMBER_OBJECT_CONVERSION = YES_AGGRESSIVE;
				CLANG_CXX_LANGUAGE_STANDARD = "gnu++0x";
				CLANG_CXX_LIBRARY = "libc++";
				CLANG_ENABLE_MODULES = YES;
				CLANG_ENABLE_OBJC_ARC = YES;
				CLANG_WARN_BOOL_CONVERSION = YES;
				CLANG_WARN_CONSTANT_CONVERSION = YES;
				CLANG_WARN_DIRECT_OBJC_ISA_USAGE = YES_ERROR;
				CLANG_WARN_DOCUMENTATION_COMMENTS = YES;
				CLANG_WARN_EMPTY_BODY = YES;
				CLANG_WARN_ENUM_CONVERSION = YES;
				CLANG_WARN_INFINITE_RECURSION = YES;
				CLANG_WARN_INT_CONVERSION = YES;
				CLANG_WARN_OBJC_ROOT_CLASS = YES_ERROR;
				CLANG_WARN_SUSPICIOUS_MOVE = YES;
				CLANG_WARN_UNREACHABLE_CODE = YES;
				CLANG_WARN__DUPLICATE_METHOD_MATCH = YES;
				"CODE_SIGN_IDENTITY[sdk=iphoneos*]" = "iPhone Developer";
				COPY_PHASE_STRIP = NO;
				DEBUG_INFORMATION_FORMAT = dwarf;
				ENABLE_STRICT_OBJC_MSGSEND = YES;
				ENABLE_TESTABILITY = YES;
				GCC_C_LANGUAGE_STANDARD = gnu99;
				GCC_DYNAMIC_NO_PIC = NO;
				GCC_NO_COMMON_BLOCKS = YES;
				GCC_OPTIMIZATION_LEVEL = 0;
				GCC_PREPROCESSOR_DEFINITIONS = (
					"DEBUG=1",
					"$(inherited)",
				);
				GCC_WARN_64_TO_32_BIT_CONVERSION = YES;
				GCC_WARN_ABOUT_RETURN_TYPE = YES_ERROR;
				GCC_WARN_UNDECLARED_SELECTOR = YES;
				GCC_WARN_UNINITIALIZED_AUTOS = YES_AGGRESSIVE;
				GCC_WARN_UNUSED_FUNCTION = YES;
				GCC_WARN_UNUSED_VARIABLE = YES;
				IPHONEOS_DEPLOYMENT_TARGET = 10.3;
				MTL_ENABLE_DEBUG_INFO = YES;
				ONLY_ACTIVE_ARCH = YES;
				SDKROOT = iphoneos;
				SWIFT_ACTIVE_COMPILATION_CONDITIONS = DEBUG;
				SWIFT_OPTIMIZATION_LEVEL = "-Onone";
			};
			name = Debug;
		};
		464078F11EC5EAC6002DBA3B /* Release */ = {
			isa = XCBuildConfiguration;
			buildSettings = {
				ALWAYS_SEARCH_USER_PATHS = NO;
				CLANG_ANALYZER_NONNULL = YES;
				CLANG_ANALYZER_NUMBER_OBJECT_CONVERSION = YES_AGGRESSIVE;
				CLANG_CXX_LANGUAGE_STANDARD = "gnu++0x";
				CLANG_CXX_LIBRARY = "libc++";
				CLANG_ENABLE_MODULES = YES;
				CLANG_ENABLE_OBJC_ARC = YES;
				CLANG_WARN_BOOL_CONVERSION = YES;
				CLANG_WARN_CONSTANT_CONVERSION = YES;
				CLANG_WARN_DIRECT_OBJC_ISA_USAGE = YES_ERROR;
				CLANG_WARN_DOCUMENTATION_COMMENTS = YES;
				CLANG_WARN_EMPTY_BODY = YES;
				CLANG_WARN_ENUM_CONVERSION = YES;
				CLANG_WARN_INFINITE_RECURSION = YES;
				CLANG_WARN_INT_CONVERSION = YES;
				CLANG_WARN_OBJC_ROOT_CLASS = YES_ERROR;
				CLANG_WARN_SUSPICIOUS_MOVE = YES;
				CLANG_WARN_UNREACHABLE_CODE = YES;
				CLANG_WARN__DUPLICATE_METHOD_MATCH = YES;
				"CODE_SIGN_IDENTITY[sdk=iphoneos*]" = "iPhone Developer";
				COPY_PHASE_STRIP = NO;
				DEBUG_INFORMATION_FORMAT = "dwarf-with-dsym";
				ENABLE_NS_ASSERTIONS = NO;
				ENABLE_STRICT_OBJC_MSGSEND = YES;
				GCC_C_LANGUAGE_STANDARD = gnu99;
				GCC_NO_COMMON_BLOCKS = YES;
				GCC_WARN_64_TO_32_BIT_CONVERSION = YES;
				GCC_WARN_ABOUT_RETURN_TYPE = YES_ERROR;
				GCC_WARN_UNDECLARED_SELECTOR = YES;
				GCC_WARN_UNINITIALIZED_AUTOS = YES_AGGRESSIVE;
				GCC_WARN_UNUSED_FUNCTION = YES;
				GCC_WARN_UNUSED_VARIABLE = YES;
				IPHONEOS_DEPLOYMENT_TARGET = 10.3;
				MTL_ENABLE_DEBUG_INFO = NO;
				SDKROOT = iphoneos;
				SWIFT_OPTIMIZATION_LEVEL = "-Owholemodule";
				VALIDATE_PRODUCT = YES;
			};
			name = Release;
		};
		464078F31EC5EAC6002DBA3B /* Debug */ = {
			isa = XCBuildConfiguration;
			buildSettings = {
				ASSETCATALOG_COMPILER_APPICON_NAME = AppIcon;
				DEVELOPMENT_TEAM = "";
				INFOPLIST_FILE = SwiftExtension/Info.plist;
				LD_RUNPATH_SEARCH_PATHS = "$(inherited) @executable_path/Frameworks";
				PRODUCT_BUNDLE_IDENTIFIER = com.ye.SwiftExtension;
				PRODUCT_NAME = "$(TARGET_NAME)";
				SWIFT_OBJC_BRIDGING_HEADER = "SwiftExtension/JJMediator-Bridging-Header.h";
				SWIFT_OBJC_INTERFACE_HEADER_NAME = "JJMediator-Swift.h";
				SWIFT_VERSION = 3.0;
			};
			name = Debug;
		};
		464078F41EC5EAC6002DBA3B /* Release */ = {
			isa = XCBuildConfiguration;
			buildSettings = {
				ASSETCATALOG_COMPILER_APPICON_NAME = AppIcon;
				DEVELOPMENT_TEAM = "";
				INFOPLIST_FILE = SwiftExtension/Info.plist;
				LD_RUNPATH_SEARCH_PATHS = "$(inherited) @executable_path/Frameworks";
				PRODUCT_BUNDLE_IDENTIFIER = com.ye.SwiftExtension;
				PRODUCT_NAME = "$(TARGET_NAME)";
				SWIFT_OBJC_BRIDGING_HEADER = "SwiftExtension/JJMediator-Bridging-Header.h";
				SWIFT_OBJC_INTERFACE_HEADER_NAME = "JJMediator-Swift.h";
				SWIFT_VERSION = 3.0;
			};
			name = Release;
		};
/* End XCBuildConfiguration section */

/* Begin XCConfigurationList section */
		464078DB1EC5EAC6002DBA3B /* Build configuration list for PBXProject "SwiftExtension" */ = {
			isa = XCConfigurationList;
			buildConfigurations = (
				464078F01EC5EAC6002DBA3B /* Debug */,
				464078F11EC5EAC6002DBA3B /* Release */,
			);
			defaultConfigurationIsVisible = 0;
			defaultConfigurationName = Release;
		};
		464078F21EC5EAC6002DBA3B /* Build configuration list for PBXNativeTarget "SwiftExtension" */ = {
			isa = XCConfigurationList;
			buildConfigurations = (
				464078F31EC5EAC6002DBA3B /* Debug */,
				464078F41EC5EAC6002DBA3B /* Release */,
			);
			defaultConfigurationIsVisible = 0;
		};
/* End XCConfigurationList section */
	};
	rootObject = 464078D81EC5EAC6002DBA3B /* Project object */;
}
